
Microsoft Visual Studio Solution File, Format Version 12.00
# Visual Studio 15
VisualStudioVersion = 15.0.26124.0
MinimumVisualStudioVersion = 15.0.26124.0
Project("{2150E333-8FDC-42A3-9474-1A3956D46DE8}") = "01.Framework", "01.Framework", "{6956350D-E4C7-4733-AE8E-69EB46E5D95B}"
EndProject
Project("{FAE04EC0-301F-11D3-BF4B-00C04F79EFBC}") = "DDD.Framework", "01.Framework\DDD.Framework\DDD.Framework.csproj", "{97D71AC3-D541-4123-922C-E1288AB5F4A4}"
EndProject
Project("{2150E333-8FDC-42A3-9474-1A3956D46DE8}") = "02.Core", "02.Core", "{020273E7-88B0-4A21-A849-B28387932464}"
EndProject
Project("{FAE04EC0-301F-11D3-BF4B-00C04F79EFBC}") = "CustomerManagement.Core.Domain", "02.Core\CustomerManagement.Core.Domain\CustomerManagement.Core.Domain.csproj", "{7B0A3444-16FF-49BE-8F5D-47ED960435B9}"
EndProject
Project("{2150E333-8FDC-42A3-9474-1A3956D46DE8}") = "04.ApplicationServices", "04.ApplicationServices", "{D6B395E4-1532-458F-B613-54D4DF27ECB8}"
EndProject
Project("{FAE04EC0-301F-11D3-BF4B-00C04F79EFBC}") = "CustomerManagement.Core.ApplicationServices", "04.ApplicationServices\CustomerManagement.Core.ApplicationServices\CustomerManagement.Core.ApplicationServices.csproj", "{AB888C3D-7431-4649-BA23-4AE7B9FF78D1}"
EndProject
Project("{2150E333-8FDC-42A3-9474-1A3956D46DE8}") = "05.Endpoints", "05.Endpoints", "{4DFCCB3A-4329-4EBE-85A7-449DB490FE77}"
EndProject
Project("{FAE04EC0-301F-11D3-BF4B-00C04F79EFBC}") = "customerManagement.Endpoints.WebApi", "05.Endpoints\customerManagement.Endpoints.WebApi\customerManagement.Endpoints.WebApi.csproj", "{AC39F7AF-4DA2-4A3F-AA06-AE17CFC37019}"
EndProject
Project("{2150E333-8FDC-42A3-9474-1A3956D46DE8}") = "ES.Framework", "ES.Framework", "{CED8D820-5A6F-465D-B111-B48404D0E6AA}"
EndProject
Project("{FAE04EC0-301F-11D3-BF4B-00C04F79EFBC}") = "EventStore.SqlServer", "01.Framework\ES.Framework\EventStore.SqlServer\EventStore.SqlServer.csproj", "{1B1B0303-D444-4FC3-A8F4-F6EC2026B311}"
EndProject
Project("{FAE04EC0-301F-11D3-BF4B-00C04F79EFBC}") = "EventStore.ES", "01.Framework\ES.Framework\EventStore.ES\EventStore.ES.csproj", "{D80CBB9C-1463-4946-BD62-70F8A6510986}"
EndProject
Project("{FAE04EC0-301F-11D3-BF4B-00C04F79EFBC}") = "EventStore.Marten", "01.Framework\ES.Framework\EventStore.Marten\EventStore.Marten.csproj", "{4684E84B-A2AB-40E0-B182-DCEAABD22113}"
EndProject
Project("{2150E333-8FDC-42A3-9474-1A3956D46DE8}") = "03.Infrastructure", "03.Infrastructure", "{4F177449-FE9D-43B7-B3EE-9896028D2CAB}"
EndProject
Project("{FAE04EC0-301F-11D3-BF4B-00C04F79EFBC}") = "CustomerManagement.Core.Infrastructure", "03.Infrastructure\CustomerManagement.Core.Infrastructure\CustomerManagement.Core.Infrastructure.csproj", "{69E38447-485C-4703-A439-C0C8F599B639}"
EndProject
Global
	GlobalSection(SolutionConfigurationPlatforms) = preSolution
		Debug|Any CPU = Debug|Any CPU
		Debug|x64 = Debug|x64
		Debug|x86 = Debug|x86
		Release|Any CPU = Release|Any CPU
		Release|x64 = Release|x64
		Release|x86 = Release|x86
	EndGlobalSection
	GlobalSection(SolutionProperties) = preSolution
		HideSolutionNode = FALSE
	EndGlobalSection
	GlobalSection(ProjectConfigurationPlatforms) = postSolution
		{97D71AC3-D541-4123-922C-E1288AB5F4A4}.Debug|Any CPU.ActiveCfg = Debug|Any CPU
		{97D71AC3-D541-4123-922C-E1288AB5F4A4}.Debug|Any CPU.Build.0 = Debug|Any CPU
		{97D71AC3-D541-4123-922C-E1288AB5F4A4}.Debug|x64.ActiveCfg = Debug|Any CPU
		{97D71AC3-D541-4123-922C-E1288AB5F4A4}.Debug|x64.Build.0 = Debug|Any CPU
		{97D71AC3-D541-4123-922C-E1288AB5F4A4}.Debug|x86.ActiveCfg = Debug|Any CPU
		{97D71AC3-D541-4123-922C-E1288AB5F4A4}.Debug|x86.Build.0 = Debug|Any CPU
		{97D71AC3-D541-4123-922C-E1288AB5F4A4}.Release|Any CPU.ActiveCfg = Release|Any CPU
		{97D71AC3-D541-4123-922C-E1288AB5F4A4}.Release|Any CPU.Build.0 = Release|Any CPU
		{97D71AC3-D541-4123-922C-E1288AB5F4A4}.Release|x64.ActiveCfg = Release|Any CPU
		{97D71AC3-D541-4123-922C-E1288AB5F4A4}.Release|x64.Build.0 = Release|Any CPU
		{97D71AC3-D541-4123-922C-E1288AB5F4A4}.Release|x86.ActiveCfg = Release|Any CPU
		{97D71AC3-D541-4123-922C-E1288AB5F4A4}.Release|x86.Build.0 = Release|Any CPU
		{7B0A3444-16FF-49BE-8F5D-47ED960435B9}.Debug|Any CPU.ActiveCfg = Debug|Any CPU
		{7B0A3444-16FF-49BE-8F5D-47ED960435B9}.Debug|Any CPU.Build.0 = Debug|Any CPU
		{7B0A3444-16FF-49BE-8F5D-47ED960435B9}.Debug|x64.ActiveCfg = Debug|Any CPU
		{7B0A3444-16FF-49BE-8F5D-47ED960435B9}.Debug|x64.Build.0 = Debug|Any CPU
		{7B0A3444-16FF-49BE-8F5D-47ED960435B9}.Debug|x86.ActiveCfg = Debug|Any CPU
		{7B0A3444-16FF-49BE-8F5D-47ED960435B9}.Debug|x86.Build.0 = Debug|Any CPU
		{7B0A3444-16FF-49BE-8F5D-47ED960435B9}.Release|Any CPU.ActiveCfg = Release|Any CPU
		{7B0A3444-16FF-49BE-8F5D-47ED960435B9}.Release|Any CPU.Build.0 = Release|Any CPU
		{7B0A3444-16FF-49BE-8F5D-47ED960435B9}.Release|x64.ActiveCfg = Release|Any CPU
		{7B0A3444-16FF-49BE-8F5D-47ED960435B9}.Release|x64.Build.0 = Release|Any CPU
		{7B0A3444-16FF-49BE-8F5D-47ED960435B9}.Release|x86.ActiveCfg = Release|Any CPU
		{7B0A3444-16FF-49BE-8F5D-47ED960435B9}.Release|x86.Build.0 = Release|Any CPU
		{AB888C3D-7431-4649-BA23-4AE7B9FF78D1}.Debug|Any CPU.ActiveCfg = Debug|Any CPU
		{AB888C3D-7431-4649-BA23-4AE7B9FF78D1}.Debug|Any CPU.Build.0 = Debug|Any CPU
		{AB888C3D-7431-4649-BA23-4AE7B9FF78D1}.Debug|x64.ActiveCfg = Debug|Any CPU
		{AB888C3D-7431-4649-BA23-4AE7B9FF78D1}.Debug|x64.Build.0 = Debug|Any CPU
		{AB888C3D-7431-4649-BA23-4AE7B9FF78D1}.Debug|x86.ActiveCfg = Debug|Any CPU
		{AB888C3D-7431-4649-BA23-4AE7B9FF78D1}.Debug|x86.Build.0 = Debug|Any CPU
		{AB888C3D-7431-4649-BA23-4AE7B9FF78D1}.Release|Any CPU.ActiveCfg = Release|Any CPU
		{AB888C3D-7431-4649-BA23-4AE7B9FF78D1}.Release|Any CPU.Build.0 = Release|Any CPU
		{AB888C3D-7431-4649-BA23-4AE7B9FF78D1}.Release|x64.ActiveCfg = Release|Any CPU
		{AB888C3D-7431-4649-BA23-4AE7B9FF78D1}.Release|x64.Build.0 = Release|Any CPU
		{AB888C3D-7431-4649-BA23-4AE7B9FF78D1}.Release|x86.ActiveCfg = Release|Any CPU
		{AB888C3D-7431-4649-BA23-4AE7B9FF78D1}.Release|x86.Build.0 = Release|Any CPU
		{AC39F7AF-4DA2-4A3F-AA06-AE17CFC37019}.Debug|Any CPU.ActiveCfg = Debug|Any CPU
		{AC39F7AF-4DA2-4A3F-AA06-AE17CFC37019}.Debug|Any CPU.Build.0 = Debug|Any CPU
		{AC39F7AF-4DA2-4A3F-AA06-AE17CFC37019}.Debug|x64.ActiveCfg = Debug|Any CPU
		{AC39F7AF-4DA2-4A3F-AA06-AE17CFC37019}.Debug|x64.Build.0 = Debug|Any CPU
		{AC39F7AF-4DA2-4A3F-AA06-AE17CFC37019}.Debug|x86.ActiveCfg = Debug|Any CPU
		{AC39F7AF-4DA2-4A3F-AA06-AE17CFC37019}.Debug|x86.Build.0 = Debug|Any CPU
		{AC39F7AF-4DA2-4A3F-AA06-AE17CFC37019}.Release|Any CPU.ActiveCfg = Release|Any CPU
		{AC39F7AF-4DA2-4A3F-AA06-AE17CFC37019}.Release|Any CPU.Build.0 = Release|Any CPU
		{AC39F7AF-4DA2-4A3F-AA06-AE17CFC37019}.Release|x64.ActiveCfg = Release|Any CPU
		{AC39F7AF-4DA2-4A3F-AA06-AE17CFC37019}.Release|x64.Build.0 = Release|Any CPU
		{AC39F7AF-4DA2-4A3F-AA06-AE17CFC37019}.Release|x86.ActiveCfg = Release|Any CPU
		{AC39F7AF-4DA2-4A3F-AA06-AE17CFC37019}.Release|x86.Build.0 = Release|Any CPU
		{1B1B0303-D444-4FC3-A8F4-F6EC2026B311}.Debug|Any CPU.ActiveCfg = Debug|Any CPU
		{1B1B0303-D444-4FC3-A8F4-F6EC2026B311}.Debug|Any CPU.Build.0 = Debug|Any CPU
		{1B1B0303-D444-4FC3-A8F4-F6EC2026B311}.Debug|x64.ActiveCfg = Debug|Any CPU
		{1B1B0303-D444-4FC3-A8F4-F6EC2026B311}.Debug|x64.Build.0 = Debug|Any CPU
		{1B1B0303-D444-4FC3-A8F4-F6EC2026B311}.Debug|x86.ActiveCfg = Debug|Any CPU
		{1B1B0303-D444-4FC3-A8F4-F6EC2026B311}.Debug|x86.Build.0 = Debug|Any CPU
		{1B1B0303-D444-4FC3-A8F4-F6EC2026B311}.Release|Any CPU.ActiveCfg = Release|Any CPU
		{1B1B0303-D444-4FC3-A8F4-F6EC2026B311}.Release|Any CPU.Build.0 = Release|Any CPU
		{1B1B0303-D444-4FC3-A8F4-F6EC2026B311}.Release|x64.ActiveCfg = Release|Any CPU
		{1B1B0303-D444-4FC3-A8F4-F6EC2026B311}.Release|x64.Build.0 = Release|Any CPU
		{1B1B0303-D444-4FC3-A8F4-F6EC2026B311}.Release|x86.ActiveCfg = Release|Any CPU
		{1B1B0303-D444-4FC3-A8F4-F6EC2026B311}.Release|x86.Build.0 = Release|Any CPU
		{D80CBB9C-1463-4946-BD62-70F8A6510986}.Debug|Any CPU.ActiveCfg = Debug|Any CPU
		{D80CBB9C-1463-4946-BD62-70F8A6510986}.Debug|Any CPU.Build.0 = Debug|Any CPU
		{D80CBB9C-1463-4946-BD62-70F8A6510986}.Debug|x64.ActiveCfg = Debug|Any CPU
		{D80CBB9C-1463-4946-BD62-70F8A6510986}.Debug|x64.Build.0 = Debug|Any CPU
		{D80CBB9C-1463-4946-BD62-70F8A6510986}.Debug|x86.ActiveCfg = Debug|Any CPU
		{D80CBB9C-1463-4946-BD62-70F8A6510986}.Debug|x86.Build.0 = Debug|Any CPU
		{D80CBB9C-1463-4946-BD62-70F8A6510986}.Release|Any CPU.ActiveCfg = Release|Any CPU
		{D80CBB9C-1463-4946-BD62-70F8A6510986}.Release|Any CPU.Build.0 = Release|Any CPU
		{D80CBB9C-1463-4946-BD62-70F8A6510986}.Release|x64.ActiveCfg = Release|Any CPU
		{D80CBB9C-1463-4946-BD62-70F8A6510986}.Release|x64.Build.0 = Release|Any CPU
		{D80CBB9C-1463-4946-BD62-70F8A6510986}.Release|x86.ActiveCfg = Release|Any CPU
		{D80CBB9C-1463-4946-BD62-70F8A6510986}.Release|x86.Build.0 = Release|Any CPU
		{4684E84B-A2AB-40E0-B182-DCEAABD22113}.Debug|Any CPU.ActiveCfg = Debug|Any CPU
		{4684E84B-A2AB-40E0-B182-DCEAABD22113}.Debug|Any CPU.Build.0 = Debug|Any CPU
		{4684E84B-A2AB-40E0-B182-DCEAABD22113}.Debug|x64.ActiveCfg = Debug|Any CPU
		{4684E84B-A2AB-40E0-B182-DCEAABD22113}.Debug|x64.Build.0 = Debug|Any CPU
		{4684E84B-A2AB-40E0-B182-DCEAABD22113}.Debug|x86.ActiveCfg = Debug|Any CPU
		{4684E84B-A2AB-40E0-B182-DCEAABD22113}.Debug|x86.Build.0 = Debug|Any CPU
		{4684E84B-A2AB-40E0-B182-DCEAABD22113}.Release|Any CPU.ActiveCfg = Release|Any CPU
		{4684E84B-A2AB-40E0-B182-DCEAABD22113}.Release|Any CPU.Build.0 = Release|Any CPU
		{4684E84B-A2AB-40E0-B182-DCEAABD22113}.Release|x64.ActiveCfg = Release|Any CPU
		{4684E84B-A2AB-40E0-B182-DCEAABD22113}.Release|x64.Build.0 = Release|Any CPU
		{4684E84B-A2AB-40E0-B182-DCEAABD22113}.Release|x86.ActiveCfg = Release|Any CPU
		{4684E84B-A2AB-40E0-B182-DCEAABD22113}.Release|x86.Build.0 = Release|Any CPU
		{69E38447-485C-4703-A439-C0C8F599B639}.Debug|Any CPU.ActiveCfg = Debug|Any CPU
		{69E38447-485C-4703-A439-C0C8F599B639}.Debug|Any CPU.Build.0 = Debug|Any CPU
		{69E38447-485C-4703-A439-C0C8F599B639}.Debug|x64.ActiveCfg = Debug|Any CPU
		{69E38447-485C-4703-A439-C0C8F599B639}.Debug|x64.Build.0 = Debug|Any CPU
		{69E38447-485C-4703-A439-C0C8F599B639}.Debug|x86.ActiveCfg = Debug|Any CPU
		{69E38447-485C-4703-A439-C0C8F599B639}.Debug|x86.Build.0 = Debug|Any CPU
		{69E38447-485C-4703-A439-C0C8F599B639}.Release|Any CPU.ActiveCfg = Release|Any CPU
		{69E38447-485C-4703-A439-C0C8F599B639}.Release|Any CPU.Build.0 = Release|Any CPU
		{69E38447-485C-4703-A439-C0C8F599B639}.Release|x64.ActiveCfg = Release|Any CPU
		{69E38447-485C-4703-A439-C0C8F599B639}.Release|x64.Build.0 = Release|Any CPU
		{69E38447-485C-4703-A439-C0C8F599B639}.Release|x86.ActiveCfg = Release|Any CPU
		{69E38447-485C-4703-A439-C0C8F599B639}.Release|x86.Build.0 = Release|Any CPU
	EndGlobalSection
	GlobalSection(NestedProjects) = preSolution
		{97D71AC3-D541-4123-922C-E1288AB5F4A4} = {6956350D-E4C7-4733-AE8E-69EB46E5D95B}
		{7B0A3444-16FF-49BE-8F5D-47ED960435B9} = {020273E7-88B0-4A21-A849-B28387932464}
		{AB888C3D-7431-4649-BA23-4AE7B9FF78D1} = {D6B395E4-1532-458F-B613-54D4DF27ECB8}
		{AC39F7AF-4DA2-4A3F-AA06-AE17CFC37019} = {4DFCCB3A-4329-4EBE-85A7-449DB490FE77}
		{CED8D820-5A6F-465D-B111-B48404D0E6AA} = {6956350D-E4C7-4733-AE8E-69EB46E5D95B}
		{1B1B0303-D444-4FC3-A8F4-F6EC2026B311} = {CED8D820-5A6F-465D-B111-B48404D0E6AA}
		{D80CBB9C-1463-4946-BD62-70F8A6510986} = {CED8D820-5A6F-465D-B111-B48404D0E6AA}
		{4684E84B-A2AB-40E0-B182-DCEAABD22113} = {CED8D820-5A6F-465D-B111-B48404D0E6AA}
		{69E38447-485C-4703-A439-C0C8F599B639} = {4F177449-FE9D-43B7-B3EE-9896028D2CAB}
	EndGlobalSection
EndGlobal
