
Microsoft Visual Studio Solution File, Format Version 12.00
# Visual Studio 15
VisualStudioVersion = 15.0.26124.0
MinimumVisualStudioVersion = 15.0.26124.0
Project("{2150E333-8FDC-42A3-9474-1A3956D46DE8}") = "src", "src", "{4241F7AD-6D3F-4234-89EF-FB8A04F71F66}"
EndProject
Project("{2150E333-8FDC-42A3-9474-1A3956D46DE8}") = "01.Core", "01.Core", "{F611D241-E89D-4BBA-8D5B-7FBB0C194692}"
EndProject
Project("{FAE04EC0-301F-11D3-BF4B-00C04F79EFBC}") = "Testing.Core.Domain", "src\01.Core\Testing.Core.Domain\Testing.Core.Domain.csproj", "{1A568C26-0880-4237-9CB8-D134BD13B28F}"
EndProject
Project("{2150E333-8FDC-42A3-9474-1A3956D46DE8}") = "test", "test", "{95E2C4D4-0830-4DED-8FF2-E6EBBE01BA2F}"
EndProject
Project("{FAE04EC0-301F-11D3-BF4B-00C04F79EFBC}") = "Testing.UnitTests", "test\Testing.UnitTests\Testing.UnitTests.csproj", "{7BA83D9D-6C03-4562-BA67-1F85178078BA}"
EndProject
Project("{FAE04EC0-301F-11D3-BF4B-00C04F79EFBC}") = "Testing.Application.service", "src\01.Core\Testing.Application.service\Testing.Application.service.csproj", "{2C07EA1F-A2E7-490D-8F7E-83BCCCB97D1F}"
EndProject
Global
	GlobalSection(SolutionConfigurationPlatforms) = preSolution
		Debug|Any CPU = Debug|Any CPU
		Debug|x64 = Debug|x64
		Debug|x86 = Debug|x86
		Release|Any CPU = Release|Any CPU
		Release|x64 = Release|x64
		Release|x86 = Release|x86
	EndGlobalSection
	GlobalSection(SolutionProperties) = preSolution
		HideSolutionNode = FALSE
	EndGlobalSection
	GlobalSection(ProjectConfigurationPlatforms) = postSolution
		{1A568C26-0880-4237-9CB8-D134BD13B28F}.Debug|Any CPU.ActiveCfg = Debug|Any CPU
		{1A568C26-0880-4237-9CB8-D134BD13B28F}.Debug|Any CPU.Build.0 = Debug|Any CPU
		{1A568C26-0880-4237-9CB8-D134BD13B28F}.Debug|x64.ActiveCfg = Debug|Any CPU
		{1A568C26-0880-4237-9CB8-D134BD13B28F}.Debug|x64.Build.0 = Debug|Any CPU
		{1A568C26-0880-4237-9CB8-D134BD13B28F}.Debug|x86.ActiveCfg = Debug|Any CPU
		{1A568C26-0880-4237-9CB8-D134BD13B28F}.Debug|x86.Build.0 = Debug|Any CPU
		{1A568C26-0880-4237-9CB8-D134BD13B28F}.Release|Any CPU.ActiveCfg = Release|Any CPU
		{1A568C26-0880-4237-9CB8-D134BD13B28F}.Release|Any CPU.Build.0 = Release|Any CPU
		{1A568C26-0880-4237-9CB8-D134BD13B28F}.Release|x64.ActiveCfg = Release|Any CPU
		{1A568C26-0880-4237-9CB8-D134BD13B28F}.Release|x64.Build.0 = Release|Any CPU
		{1A568C26-0880-4237-9CB8-D134BD13B28F}.Release|x86.ActiveCfg = Release|Any CPU
		{1A568C26-0880-4237-9CB8-D134BD13B28F}.Release|x86.Build.0 = Release|Any CPU
		{7BA83D9D-6C03-4562-BA67-1F85178078BA}.Debug|Any CPU.ActiveCfg = Debug|Any CPU
		{7BA83D9D-6C03-4562-BA67-1F85178078BA}.Debug|Any CPU.Build.0 = Debug|Any CPU
		{7BA83D9D-6C03-4562-BA67-1F85178078BA}.Debug|x64.ActiveCfg = Debug|Any CPU
		{7BA83D9D-6C03-4562-BA67-1F85178078BA}.Debug|x64.Build.0 = Debug|Any CPU
		{7BA83D9D-6C03-4562-BA67-1F85178078BA}.Debug|x86.ActiveCfg = Debug|Any CPU
		{7BA83D9D-6C03-4562-BA67-1F85178078BA}.Debug|x86.Build.0 = Debug|Any CPU
		{7BA83D9D-6C03-4562-BA67-1F85178078BA}.Release|Any CPU.ActiveCfg = Release|Any CPU
		{7BA83D9D-6C03-4562-BA67-1F85178078BA}.Release|Any CPU.Build.0 = Release|Any CPU
		{7BA83D9D-6C03-4562-BA67-1F85178078BA}.Release|x64.ActiveCfg = Release|Any CPU
		{7BA83D9D-6C03-4562-BA67-1F85178078BA}.Release|x64.Build.0 = Release|Any CPU
		{7BA83D9D-6C03-4562-BA67-1F85178078BA}.Release|x86.ActiveCfg = Release|Any CPU
		{7BA83D9D-6C03-4562-BA67-1F85178078BA}.Release|x86.Build.0 = Release|Any CPU
		{2C07EA1F-A2E7-490D-8F7E-83BCCCB97D1F}.Debug|Any CPU.ActiveCfg = Debug|Any CPU
		{2C07EA1F-A2E7-490D-8F7E-83BCCCB97D1F}.Debug|Any CPU.Build.0 = Debug|Any CPU
		{2C07EA1F-A2E7-490D-8F7E-83BCCCB97D1F}.Debug|x64.ActiveCfg = Debug|Any CPU
		{2C07EA1F-A2E7-490D-8F7E-83BCCCB97D1F}.Debug|x64.Build.0 = Debug|Any CPU
		{2C07EA1F-A2E7-490D-8F7E-83BCCCB97D1F}.Debug|x86.ActiveCfg = Debug|Any CPU
		{2C07EA1F-A2E7-490D-8F7E-83BCCCB97D1F}.Debug|x86.Build.0 = Debug|Any CPU
		{2C07EA1F-A2E7-490D-8F7E-83BCCCB97D1F}.Release|Any CPU.ActiveCfg = Release|Any CPU
		{2C07EA1F-A2E7-490D-8F7E-83BCCCB97D1F}.Release|Any CPU.Build.0 = Release|Any CPU
		{2C07EA1F-A2E7-490D-8F7E-83BCCCB97D1F}.Release|x64.ActiveCfg = Release|Any CPU
		{2C07EA1F-A2E7-490D-8F7E-83BCCCB97D1F}.Release|x64.Build.0 = Release|Any CPU
		{2C07EA1F-A2E7-490D-8F7E-83BCCCB97D1F}.Release|x86.ActiveCfg = Release|Any CPU
		{2C07EA1F-A2E7-490D-8F7E-83BCCCB97D1F}.Release|x86.Build.0 = Release|Any CPU
	EndGlobalSection
	GlobalSection(NestedProjects) = preSolution
		{F611D241-E89D-4BBA-8D5B-7FBB0C194692} = {4241F7AD-6D3F-4234-89EF-FB8A04F71F66}
		{1A568C26-0880-4237-9CB8-D134BD13B28F} = {F611D241-E89D-4BBA-8D5B-7FBB0C194692}
		{7BA83D9D-6C03-4562-BA67-1F85178078BA} = {95E2C4D4-0830-4DED-8FF2-E6EBBE01BA2F}
		{2C07EA1F-A2E7-490D-8F7E-83BCCCB97D1F} = {F611D241-E89D-4BBA-8D5B-7FBB0C194692}
	EndGlobalSection
EndGlobal
